
Microsoft Visual Studio Solution File, Format Version 12.00
# Visual Studio Version 17
VisualStudioVersion = 17.9.34622.214
MinimumVisualStudioVersion = 10.0.40219.1
Project("{FAE04EC0-301F-11D3-BF4B-00C04F79EFBC}") = "RiftMetrics", "RiftMetrics.csproj", "{458FA63E-0C77-4BDF-8D04-1220E1AD5513}"
EndProject
Global
	GlobalSection(SolutionConfigurationPlatforms) = preSolution
		Debug|Any CPU = Debug|Any CPU
		Release|Any CPU = Release|Any CPU
	EndGlobalSection
	GlobalSection(ProjectConfigurationPlatforms) = postSolution
		{458FA63E-0C77-4BDF-8D04-1220E1AD5513}.Debug|Any CPU.ActiveCfg = Debug|Any CPU
		{458FA63E-0C77-4BDF-8D04-1220E1AD5513}.Debug|Any CPU.Build.0 = Debug|Any CPU
		{458FA63E-0C77-4BDF-8D04-1220E1AD5513}.Release|Any CPU.ActiveCfg = Release|Any CPU
		{458FA63E-0C77-4BDF-8D04-1220E1AD5513}.Release|Any CPU.Build.0 = Release|Any CPU
	EndGlobalSection
	GlobalSection(SolutionProperties) = preSolution
		HideSolutionNode = FALSE
	EndGlobalSection
	GlobalSection(ExtensibilityGlobals) = postSolution
		SolutionGuid = {F644F79F-1E51-4339-9EC8-EFB04074065D}
	EndGlobalSection
EndGlobal
